
Microsoft Visual Studio Solution File, Format Version 12.00
# Visual Studio Version 16
VisualStudioVersion = 16.0.31019.35
MinimumVisualStudioVersion = 10.0.40219.1
Project("{FAE04EC0-301F-11D3-BF4B-00C04F79EFBC}") = "Foodie_Tubes_KPL", "Foodie_Tubes_KPL\Foodie_Tubes_KPL.csproj", "{FEC7F300-C642-4E1B-ADF5-E517DDBF50CF}"
EndProject
Global
	GlobalSection(SolutionConfigurationPlatforms) = preSolution
		Debug|Any CPU = Debug|Any CPU
		Release|Any CPU = Release|Any CPU
	EndGlobalSection
	GlobalSection(ProjectConfigurationPlatforms) = postSolution
		{FEC7F300-C642-4E1B-ADF5-E517DDBF50CF}.Debug|Any CPU.ActiveCfg = Debug|Any CPU
		{FEC7F300-C642-4E1B-ADF5-E517DDBF50CF}.Debug|Any CPU.Build.0 = Debug|Any CPU
		{FEC7F300-C642-4E1B-ADF5-E517DDBF50CF}.Release|Any CPU.ActiveCfg = Release|Any CPU
		{FEC7F300-C642-4E1B-ADF5-E517DDBF50CF}.Release|Any CPU.Build.0 = Release|Any CPU
	EndGlobalSection
	GlobalSection(SolutionProperties) = preSolution
		HideSolutionNode = FALSE
	EndGlobalSection
	GlobalSection(ExtensibilityGlobals) = postSolution
		SolutionGuid = {5383B0A7-287E-40EA-A434-45C1826BE0D0}
	EndGlobalSection
EndGlobal
